
Microsoft Visual Studio Solution File, Format Version 12.00
# Visual Studio 15
VisualStudioVersion = 15.0.28010.2026
MinimumVisualStudioVersion = 10.0.40219.1
Project("{FAE04EC0-301F-11D3-BF4B-00C04F79EFBC}") = "VejenFremTilDig.Android", "VejenFremTilDig\VejenFremTilDig.Android\VejenFremTilDig.Android.csproj", "{59F615C6-9CC0-478A-9B0C-E237B5A30F62}"
EndProject
Project("{FAE04EC0-301F-11D3-BF4B-00C04F79EFBC}") = "VejenFremTilDig.iOS", "VejenFremTilDig\VejenFremTilDig.iOS\VejenFremTilDig.iOS.csproj", "{4489FC1B-E8A1-46A3-BA30-54FA43E3D284}"
EndProject
Project("{FAE04EC0-301F-11D3-BF4B-00C04F79EFBC}") = "VejenFremTilDig.UWP", "VejenFremTilDig\VejenFremTilDig.UWP\VejenFremTilDig.UWP.csproj", "{A7D1F241-FF21-450D-8198-E1713751243F}"
EndProject
Project("{D954291E-2A0B-460D-934E-DC6B0785DB48}") = "VejenFremTilDig", "VejenFremTilDig\VejenFremTilDig\VejenFremTilDig.shproj", "{5814C7D4-A56A-44A4-A0CD-B357C0BB46BF}"
EndProject
Global
	GlobalSection(SharedMSBuildProjectFiles) = preSolution
		VejenFremTilDig\VejenFremTilDig\VejenFremTilDig.projitems*{4489fc1b-e8a1-46a3-ba30-54fa43e3d284}*SharedItemsImports = 4
		VejenFremTilDig\VejenFremTilDig\VejenFremTilDig.projitems*{5814c7d4-a56a-44a4-a0cd-b357c0bb46bf}*SharedItemsImports = 13
		VejenFremTilDig\VejenFremTilDig\VejenFremTilDig.projitems*{59f615c6-9cc0-478a-9b0c-e237b5a30f62}*SharedItemsImports = 4
		VejenFremTilDig\VejenFremTilDig\VejenFremTilDig.projitems*{a7d1f241-ff21-450d-8198-e1713751243f}*SharedItemsImports = 4
	EndGlobalSection
	GlobalSection(SolutionConfigurationPlatforms) = preSolution
		Debug|Any CPU = Debug|Any CPU
		Debug|ARM = Debug|ARM
		Debug|iPhone = Debug|iPhone
		Debug|iPhoneSimulator = Debug|iPhoneSimulator
		Debug|x64 = Debug|x64
		Debug|x86 = Debug|x86
		Release|Any CPU = Release|Any CPU
		Release|ARM = Release|ARM
		Release|iPhone = Release|iPhone
		Release|iPhoneSimulator = Release|iPhoneSimulator
		Release|x64 = Release|x64
		Release|x86 = Release|x86
	EndGlobalSection
	GlobalSection(ProjectConfigurationPlatforms) = postSolution
		{59F615C6-9CC0-478A-9B0C-E237B5A30F62}.Debug|Any CPU.ActiveCfg = Debug|Any CPU
		{59F615C6-9CC0-478A-9B0C-E237B5A30F62}.Debug|Any CPU.Build.0 = Debug|Any CPU
		{59F615C6-9CC0-478A-9B0C-E237B5A30F62}.Debug|Any CPU.Deploy.0 = Debug|Any CPU
		{59F615C6-9CC0-478A-9B0C-E237B5A30F62}.Debug|ARM.ActiveCfg = Debug|Any CPU
		{59F615C6-9CC0-478A-9B0C-E237B5A30F62}.Debug|ARM.Build.0 = Debug|Any CPU
		{59F615C6-9CC0-478A-9B0C-E237B5A30F62}.Debug|ARM.Deploy.0 = Debug|Any CPU
		{59F615C6-9CC0-478A-9B0C-E237B5A30F62}.Debug|iPhone.ActiveCfg = Debug|Any CPU
		{59F615C6-9CC0-478A-9B0C-E237B5A30F62}.Debug|iPhone.Build.0 = Debug|Any CPU
		{59F615C6-9CC0-478A-9B0C-E237B5A30F62}.Debug|iPhone.Deploy.0 = Debug|Any CPU
		{59F615C6-9CC0-478A-9B0C-E237B5A30F62}.Debug|iPhoneSimulator.ActiveCfg = Debug|Any CPU
		{59F615C6-9CC0-478A-9B0C-E237B5A30F62}.Debug|iPhoneSimulator.Build.0 = Debug|Any CPU
		{59F615C6-9CC0-478A-9B0C-E237B5A30F62}.Debug|iPhoneSimulator.Deploy.0 = Debug|Any CPU
		{59F615C6-9CC0-478A-9B0C-E237B5A30F62}.Debug|x64.ActiveCfg = Debug|Any CPU
		{59F615C6-9CC0-478A-9B0C-E237B5A30F62}.Debug|x64.Build.0 = Debug|Any CPU
		{59F615C6-9CC0-478A-9B0C-E237B5A30F62}.Debug|x64.Deploy.0 = Debug|Any CPU
		{59F615C6-9CC0-478A-9B0C-E237B5A30F62}.Debug|x86.ActiveCfg = Debug|Any CPU
		{59F615C6-9CC0-478A-9B0C-E237B5A30F62}.Debug|x86.Build.0 = Debug|Any CPU
		{59F615C6-9CC0-478A-9B0C-E237B5A30F62}.Debug|x86.Deploy.0 = Debug|Any CPU
		{59F615C6-9CC0-478A-9B0C-E237B5A30F62}.Release|Any CPU.ActiveCfg = Release|Any CPU
		{59F615C6-9CC0-478A-9B0C-E237B5A30F62}.Release|Any CPU.Build.0 = Release|Any CPU
		{59F615C6-9CC0-478A-9B0C-E237B5A30F62}.Release|Any CPU.Deploy.0 = Release|Any CPU
		{59F615C6-9CC0-478A-9B0C-E237B5A30F62}.Release|ARM.ActiveCfg = Release|Any CPU
		{59F615C6-9CC0-478A-9B0C-E237B5A30F62}.Release|ARM.Build.0 = Release|Any CPU
		{59F615C6-9CC0-478A-9B0C-E237B5A30F62}.Release|ARM.Deploy.0 = Release|Any CPU
		{59F615C6-9CC0-478A-9B0C-E237B5A30F62}.Release|iPhone.ActiveCfg = Release|Any CPU
		{59F615C6-9CC0-478A-9B0C-E237B5A30F62}.Release|iPhone.Build.0 = Release|Any CPU
		{59F615C6-9CC0-478A-9B0C-E237B5A30F62}.Release|iPhone.Deploy.0 = Release|Any CPU
		{59F615C6-9CC0-478A-9B0C-E237B5A30F62}.Release|iPhoneSimulator.ActiveCfg = Release|Any CPU
		{59F615C6-9CC0-478A-9B0C-E237B5A30F62}.Release|iPhoneSimulator.Build.0 = Release|Any CPU
		{59F615C6-9CC0-478A-9B0C-E237B5A30F62}.Release|iPhoneSimulator.Deploy.0 = Release|Any CPU
		{59F615C6-9CC0-478A-9B0C-E237B5A30F62}.Release|x64.ActiveCfg = Release|Any CPU
		{59F615C6-9CC0-478A-9B0C-E237B5A30F62}.Release|x64.Build.0 = Release|Any CPU
		{59F615C6-9CC0-478A-9B0C-E237B5A30F62}.Release|x64.Deploy.0 = Release|Any CPU
		{59F615C6-9CC0-478A-9B0C-E237B5A30F62}.Release|x86.ActiveCfg = Release|Any CPU
		{59F615C6-9CC0-478A-9B0C-E237B5A30F62}.Release|x86.Build.0 = Release|Any CPU
		{59F615C6-9CC0-478A-9B0C-E237B5A30F62}.Release|x86.Deploy.0 = Release|Any CPU
		{4489FC1B-E8A1-46A3-BA30-54FA43E3D284}.Debug|Any CPU.ActiveCfg = Debug|iPhoneSimulator
		{4489FC1B-E8A1-46A3-BA30-54FA43E3D284}.Debug|Any CPU.Build.0 = Debug|iPhoneSimulator
		{4489FC1B-E8A1-46A3-BA30-54FA43E3D284}.Debug|Any CPU.Deploy.0 = Debug|iPhoneSimulator
		{4489FC1B-E8A1-46A3-BA30-54FA43E3D284}.Debug|ARM.ActiveCfg = Debug|iPhone
		{4489FC1B-E8A1-46A3-BA30-54FA43E3D284}.Debug|ARM.Build.0 = Debug|iPhone
		{4489FC1B-E8A1-46A3-BA30-54FA43E3D284}.Debug|ARM.Deploy.0 = Debug|iPhone
		{4489FC1B-E8A1-46A3-BA30-54FA43E3D284}.Debug|iPhone.ActiveCfg = Debug|iPhone
		{4489FC1B-E8A1-46A3-BA30-54FA43E3D284}.Debug|iPhone.Build.0 = Debug|iPhone
		{4489FC1B-E8A1-46A3-BA30-54FA43E3D284}.Debug|iPhone.Deploy.0 = Debug|iPhone
		{4489FC1B-E8A1-46A3-BA30-54FA43E3D284}.Debug|iPhoneSimulator.ActiveCfg = Debug|iPhoneSimulator
		{4489FC1B-E8A1-46A3-BA30-54FA43E3D284}.Debug|iPhoneSimulator.Build.0 = Debug|iPhoneSimulator
		{4489FC1B-E8A1-46A3-BA30-54FA43E3D284}.Debug|iPhoneSimulator.Deploy.0 = Debug|iPhoneSimulator
		{4489FC1B-E8A1-46A3-BA30-54FA43E3D284}.Debug|x64.ActiveCfg = Debug|iPhone
		{4489FC1B-E8A1-46A3-BA30-54FA43E3D284}.Debug|x64.Build.0 = Debug|iPhone
		{4489FC1B-E8A1-46A3-BA30-54FA43E3D284}.Debug|x64.Deploy.0 = Debug|iPhone
		{4489FC1B-E8A1-46A3-BA30-54FA43E3D284}.Debug|x86.ActiveCfg = Debug|iPhone
		{4489FC1B-E8A1-46A3-BA30-54FA43E3D284}.Debug|x86.Build.0 = Debug|iPhone
		{4489FC1B-E8A1-46A3-BA30-54FA43E3D284}.Debug|x86.Deploy.0 = Debug|iPhone
		{4489FC1B-E8A1-46A3-BA30-54FA43E3D284}.Release|Any CPU.ActiveCfg = Release|iPhone
		{4489FC1B-E8A1-46A3-BA30-54FA43E3D284}.Release|Any CPU.Build.0 = Release|iPhone
		{4489FC1B-E8A1-46A3-BA30-54FA43E3D284}.Release|Any CPU.Deploy.0 = Release|iPhone
		{4489FC1B-E8A1-46A3-BA30-54FA43E3D284}.Release|ARM.ActiveCfg = Release|iPhone
		{4489FC1B-E8A1-46A3-BA30-54FA43E3D284}.Release|ARM.Build.0 = Release|iPhone
		{4489FC1B-E8A1-46A3-BA30-54FA43E3D284}.Release|ARM.Deploy.0 = Release|iPhone
		{4489FC1B-E8A1-46A3-BA30-54FA43E3D284}.Release|iPhone.ActiveCfg = Release|iPhone
		{4489FC1B-E8A1-46A3-BA30-54FA43E3D284}.Release|iPhone.Build.0 = Release|iPhone
		{4489FC1B-E8A1-46A3-BA30-54FA43E3D284}.Release|iPhone.Deploy.0 = Release|iPhone
		{4489FC1B-E8A1-46A3-BA30-54FA43E3D284}.Release|iPhoneSimulator.ActiveCfg = Release|iPhoneSimulator
		{4489FC1B-E8A1-46A3-BA30-54FA43E3D284}.Release|iPhoneSimulator.Build.0 = Release|iPhoneSimulator
		{4489FC1B-E8A1-46A3-BA30-54FA43E3D284}.Release|iPhoneSimulator.Deploy.0 = Release|iPhoneSimulator
		{4489FC1B-E8A1-46A3-BA30-54FA43E3D284}.Release|x64.ActiveCfg = Release|iPhone
		{4489FC1B-E8A1-46A3-BA30-54FA43E3D284}.Release|x64.Build.0 = Release|iPhone
		{4489FC1B-E8A1-46A3-BA30-54FA43E3D284}.Release|x64.Deploy.0 = Release|iPhone
		{4489FC1B-E8A1-46A3-BA30-54FA43E3D284}.Release|x86.ActiveCfg = Release|iPhone
		{4489FC1B-E8A1-46A3-BA30-54FA43E3D284}.Release|x86.Build.0 = Release|iPhone
		{4489FC1B-E8A1-46A3-BA30-54FA43E3D284}.Release|x86.Deploy.0 = Release|iPhone
		{A7D1F241-FF21-450D-8198-E1713751243F}.Debug|Any CPU.ActiveCfg = Debug|x86
		{A7D1F241-FF21-450D-8198-E1713751243F}.Debug|Any CPU.Build.0 = Debug|x86
		{A7D1F241-FF21-450D-8198-E1713751243F}.Debug|Any CPU.Deploy.0 = Debug|x86
		{A7D1F241-FF21-450D-8198-E1713751243F}.Debug|ARM.ActiveCfg = Debug|ARM
		{A7D1F241-FF21-450D-8198-E1713751243F}.Debug|ARM.Build.0 = Debug|ARM
		{A7D1F241-FF21-450D-8198-E1713751243F}.Debug|ARM.Deploy.0 = Debug|ARM
		{A7D1F241-FF21-450D-8198-E1713751243F}.Debug|iPhone.ActiveCfg = Debug|x86
		{A7D1F241-FF21-450D-8198-E1713751243F}.Debug|iPhone.Build.0 = Debug|x86
		{A7D1F241-FF21-450D-8198-E1713751243F}.Debug|iPhone.Deploy.0 = Debug|x86
		{A7D1F241-FF21-450D-8198-E1713751243F}.Debug|iPhoneSimulator.ActiveCfg = Debug|x86
		{A7D1F241-FF21-450D-8198-E1713751243F}.Debug|iPhoneSimulator.Build.0 = Debug|x86
		{A7D1F241-FF21-450D-8198-E1713751243F}.Debug|iPhoneSimulator.Deploy.0 = Debug|x86
		{A7D1F241-FF21-450D-8198-E1713751243F}.Debug|x64.ActiveCfg = Debug|x64
		{A7D1F241-FF21-450D-8198-E1713751243F}.Debug|x64.Build.0 = Debug|x64
		{A7D1F241-FF21-450D-8198-E1713751243F}.Debug|x64.Deploy.0 = Debug|x64
		{A7D1F241-FF21-450D-8198-E1713751243F}.Debug|x86.ActiveCfg = Debug|x86
		{A7D1F241-FF21-450D-8198-E1713751243F}.Debug|x86.Build.0 = Debug|x86
		{A7D1F241-FF21-450D-8198-E1713751243F}.Debug|x86.Deploy.0 = Debug|x86
		{A7D1F241-FF21-450D-8198-E1713751243F}.Release|Any CPU.ActiveCfg = Release|x86
		{A7D1F241-FF21-450D-8198-E1713751243F}.Release|Any CPU.Build.0 = Release|x86
		{A7D1F241-FF21-450D-8198-E1713751243F}.Release|Any CPU.Deploy.0 = Release|x86
		{A7D1F241-FF21-450D-8198-E1713751243F}.Release|ARM.ActiveCfg = Release|ARM
		{A7D1F241-FF21-450D-8198-E1713751243F}.Release|ARM.Build.0 = Release|ARM
		{A7D1F241-FF21-450D-8198-E1713751243F}.Release|ARM.Deploy.0 = Release|ARM
		{A7D1F241-FF21-450D-8198-E1713751243F}.Release|iPhone.ActiveCfg = Release|x86
		{A7D1F241-FF21-450D-8198-E1713751243F}.Release|iPhone.Build.0 = Release|x86
		{A7D1F241-FF21-450D-8198-E1713751243F}.Release|iPhone.Deploy.0 = Release|x86
		{A7D1F241-FF21-450D-8198-E1713751243F}.Release|iPhoneSimulator.ActiveCfg = Release|x86
		{A7D1F241-FF21-450D-8198-E1713751243F}.Release|iPhoneSimulator.Build.0 = Release|x86
		{A7D1F241-FF21-450D-8198-E1713751243F}.Release|iPhoneSimulator.Deploy.0 = Release|x86
		{A7D1F241-FF21-450D-8198-E1713751243F}.Release|x64.ActiveCfg = Release|x64
		{A7D1F241-FF21-450D-8198-E1713751243F}.Release|x64.Build.0 = Release|x64
		{A7D1F241-FF21-450D-8198-E1713751243F}.Release|x64.Deploy.0 = Release|x64
		{A7D1F241-FF21-450D-8198-E1713751243F}.Release|x86.ActiveCfg = Release|x86
		{A7D1F241-FF21-450D-8198-E1713751243F}.Release|x86.Build.0 = Release|x86
		{A7D1F241-FF21-450D-8198-E1713751243F}.Release|x86.Deploy.0 = Release|x86
	EndGlobalSection
	GlobalSection(SolutionProperties) = preSolution
		HideSolutionNode = FALSE
	EndGlobalSection
	GlobalSection(ExtensibilityGlobals) = postSolution
		SolutionGuid = {601BD8F2-FD36-40C7-8E19-971D90B2CE1D}
	EndGlobalSection
EndGlobal
